
Microsoft Visual Studio Solution File, Format Version 12.00
# Visual Studio Version 17
VisualStudioVersion = 17.14.36127.28 d17.14
MinimumVisualStudioVersion = 10.0.40219.1
Project("{FAE04EC0-301F-11D3-BF4B-00C04F79EFBC}") = "DiaryApp", "DiaryApp\DiaryApp.csproj", "{2982501C-A788-45A6-8E87-CA7461E30C0D}"
EndProject
Global
	GlobalSection(SolutionConfigurationPlatforms) = preSolution
		Debug|Any CPU = Debug|Any CPU
		Release|Any CPU = Release|Any CPU
	EndGlobalSection
	GlobalSection(ProjectConfigurationPlatforms) = postSolution
		{2982501C-A788-45A6-8E87-CA7461E30C0D}.Debug|Any CPU.ActiveCfg = Debug|Any CPU
		{2982501C-A788-45A6-8E87-CA7461E30C0D}.Debug|Any CPU.Build.0 = Debug|Any CPU
		{2982501C-A788-45A6-8E87-CA7461E30C0D}.Release|Any CPU.ActiveCfg = Release|Any CPU
		{2982501C-A788-45A6-8E87-CA7461E30C0D}.Release|Any CPU.Build.0 = Release|Any CPU
	EndGlobalSection
	GlobalSection(SolutionProperties) = preSolution
		HideSolutionNode = FALSE
	EndGlobalSection
	GlobalSection(ExtensibilityGlobals) = postSolution
		SolutionGuid = {B8307D20-8C16-421D-B727-A8DBD015AB59}
	EndGlobalSection
EndGlobal
